// !$*UTF8*$!
{
	archiveVersion = 1;
	classes = {
	};
	objectVersion = 46;
	objects = {

/* Begin PBXBuildFile section */
		788443201ED52D83002BFBC1 /* main.m in Sources */ = {isa = PBXBuildFile; fileRef = 7884431F1ED52D83002BFBC1 /* main.m */; };
		788443231ED52D83002BFBC1 /* AppDelegate.m in Sources */ = {isa = PBXBuildFile; fileRef = 788443221ED52D83002BFBC1 /* AppDelegate.m */; };
		788443261ED52D83002BFBC1 /* ViewController.m in Sources */ = {isa = PBXBuildFile; fileRef = 788443251ED52D83002BFBC1 /* ViewController.m */; };
		788443291ED52D83002BFBC1 /* Main.storyboard in Resources */ = {isa = PBXBuildFile; fileRef = 788443271ED52D83002BFBC1 /* Main.storyboard */; };
		7884432B1ED52D83002BFBC1 /* Assets.xcassets in Resources */ = {isa = PBXBuildFile; fileRef = 7884432A1ED52D83002BFBC1 /* Assets.xcassets */; };
		7884432E1ED52D83002BFBC1 /* LaunchScreen.storyboard in Resources */ = {isa = PBXBuildFile; fileRef = 7884432C1ED52D83002BFBC1 /* LaunchScreen.storyboard */; };
		788443391ED52D83002BFBC1 /* DownLoadDemoTests.m in Sources */ = {isa = PBXBuildFile; fileRef = 788443381ED52D83002BFBC1 /* DownLoadDemoTests.m */; };
		788443441ED52D83002BFBC1 /* DownLoadDemoUITests.m in Sources */ = {isa = PBXBuildFile; fileRef = 788443431ED52D83002BFBC1 /* DownLoadDemoUITests.m */; };
		788443541ED52DDB002BFBC1 /* JLPathManager.m in Sources */ = {isa = PBXBuildFile; fileRef = 788443531ED52DDB002BFBC1 /* JLPathManager.m */; };
		788443571ED52E8B002BFBC1 /* JLDownLoad.m in Sources */ = {isa = PBXBuildFile; fileRef = 788443561ED52E8B002BFBC1 /* JLDownLoad.m */; };
		7884435A1ED52F7B002BFBC1 /* JLDownLoadManager.m in Sources */ = {isa = PBXBuildFile; fileRef = 788443591ED52F7B002BFBC1 /* JLDownLoadManager.m */; };
		7884435D1ED5334A002BFBC1 /* DownViewController.m in Sources */ = {isa = PBXBuildFile; fileRef = 7884435C1ED5334A002BFBC1 /* DownViewController.m */; };
		788443601ED5346F002BFBC1 /* MyTableViewCell.m in Sources */ = {isa = PBXBuildFile; fileRef = 7884435F1ED5346F002BFBC1 /* MyTableViewCell.m */; };
/* End PBXBuildFile section */

/* Begin PBXContainerItemProxy section */
		788443351ED52D83002BFBC1 /* PBXContainerItemProxy */ = {
			isa = PBXContainerItemProxy;
			containerPortal = 788443131ED52D83002BFBC1 /* Project object */;
			proxyType = 1;
			remoteGlobalIDString = 7884431A1ED52D83002BFBC1;
			remoteInfo = DownLoadDemo;
		};
		788443401ED52D83002BFBC1 /* PBXContainerItemProxy */ = {
			isa = PBXContainerItemProxy;
			containerPortal = 788443131ED52D83002BFBC1 /* Project object */;
			proxyType = 1;
			remoteGlobalIDString = 7884431A1ED52D83002BFBC1;
			remoteInfo = DownLoadDemo;
		};
/* End PBXContainerItemProxy section */

/* Begin PBXFileReference section */
		7884431B1ED52D83002BFBC1 /* DownLoadDemo.app */ = {isa = PBXFileReference; explicitFileType = wrapper.application; includeInIndex = 0; path = DownLoadDemo.app; sourceTree = BUILT_PRODUCTS_DIR; };
		7884431F1ED52D83002BFBC1 /* main.m */ = {isa = PBXFileReference; lastKnownFileType = sourcecode.c.objc; path = main.m; sourceTree = "<group>"; };
		788443211ED52D83002BFBC1 /* AppDelegate.h */ = {isa = PBXFileReference; lastKnownFileType = sourcecode.c.h; path = AppDelegate.h; sourceTree = "<group>"; };
		788443221ED52D83002BFBC1 /* AppDelegate.m */ = {isa = PBXFileReference; lastKnownFileType = sourcecode.c.objc; path = AppDelegate.m; sourceTree = "<group>"; };
		788443241ED52D83002BFBC1 /* ViewController.h */ = {isa = PBXFileReference; lastKnownFileType = sourcecode.c.h; path = ViewController.h; sourceTree = "<group>"; };
		788443251ED52D83002BFBC1 /* ViewController.m */ = {isa = PBXFileReference; lastKnownFileType = sourcecode.c.objc; path = ViewController.m; sourceTree = "<group>"; };
		788443281ED52D83002BFBC1 /* Base */ = {isa = PBXFileReference; lastKnownFileType = file.storyboard; name = Base; path = Base.lproj/Main.storyboard; sourceTree = "<group>"; };
		7884432A1ED52D83002BFBC1 /* Assets.xcassets */ = {isa = PBXFileReference; lastKnownFileType = folder.assetcatalog; path = Assets.xcassets; sourceTree = "<group>"; };
		7884432D1ED52D83002BFBC1 /* Base */ = {isa = PBXFileReference; lastKnownFileType = file.storyboard; name = Base; path = Base.lproj/LaunchScreen.storyboard; sourceTree = "<group>"; };
		7884432F1ED52D83002BFBC1 /* Info.plist */ = {isa = PBXFileReference; lastKnownFileType = text.plist.xml; path = Info.plist; sourceTree = "<group>"; };
		788443341ED52D83002BFBC1 /* DownLoadDemoTests.xctest */ = {isa = PBXFileReference; explicitFileType = wrapper.cfbundle; includeInIndex = 0; path = DownLoadDemoTests.xctest; sourceTree = BUILT_PRODUCTS_DIR; };
		788443381ED52D83002BFBC1 /* DownLoadDemoTests.m */ = {isa = PBXFileReference; lastKnownFileType = sourcecode.c.objc; path = DownLoadDemoTests.m; sourceTree = "<group>"; };
		7884433A1ED52D83002BFBC1 /* Info.plist */ = {isa = PBXFileReference; lastKnownFileType = text.plist.xml; path = Info.plist; sourceTree = "<group>"; };
		7884433F1ED52D83002BFBC1 /* DownLoadDemoUITests.xctest */ = {isa = PBXFileReference; explicitFileType = wrapper.cfbundle; includeInIndex = 0; path = DownLoadDemoUITests.xctest; sourceTree = BUILT_PRODUCTS_DIR; };
		788443431ED52D83002BFBC1 /* DownLoadDemoUITests.m */ = {isa = PBXFileReference; lastKnownFileType = sourcecode.c.objc; path = DownLoadDemoUITests.m; sourceTree = "<group>"; };
		788443451ED52D83002BFBC1 /* Info.plist */ = {isa = PBXFileReference; lastKnownFileType = text.plist.xml; path = Info.plist; sourceTree = "<group>"; };
		788443521ED52DDB002BFBC1 /* JLPathManager.h */ = {isa = PBXFileReference; fileEncoding = 4; lastKnownFileType = sourcecode.c.h; path = JLPathManager.h; sourceTree = "<group>"; };
		788443531ED52DDB002BFBC1 /* JLPathManager.m */ = {isa = PBXFileReference; fileEncoding = 4; lastKnownFileType = sourcecode.c.objc; path = JLPathManager.m; sourceTree = "<group>"; };
		788443551ED52E8B002BFBC1 /* JLDownLoad.h */ = {isa = PBXFileReference; fileEncoding = 4; lastKnownFileType = sourcecode.c.h; path = JLDownLoad.h; sourceTree = "<group>"; };
		788443561ED52E8B002BFBC1 /* JLDownLoad.m */ = {isa = PBXFileReference; fileEncoding = 4; lastKnownFileType = sourcecode.c.objc; path = JLDownLoad.m; sourceTree = "<group>"; };
		788443581ED52F7B002BFBC1 /* JLDownLoadManager.h */ = {isa = PBXFileReference; fileEncoding = 4; lastKnownFileType = sourcecode.c.h; path = JLDownLoadManager.h; sourceTree = "<group>"; };
		788443591ED52F7B002BFBC1 /* JLDownLoadManager.m */ = {isa = PBXFileReference; fileEncoding = 4; lastKnownFileType = sourcecode.c.objc; path = JLDownLoadManager.m; sourceTree = "<group>"; };
		7884435B1ED5334A002BFBC1 /* DownViewController.h */ = {isa = PBXFileReference; fileEncoding = 4; lastKnownFileType = sourcecode.c.h; path = DownViewController.h; sourceTree = "<group>"; };
		7884435C1ED5334A002BFBC1 /* DownViewController.m */ = {isa = PBXFileReference; fileEncoding = 4; lastKnownFileType = sourcecode.c.objc; path = DownViewController.m; sourceTree = "<group>"; };
		7884435E1ED5346F002BFBC1 /* MyTableViewCell.h */ = {isa = PBXFileReference; fileEncoding = 4; lastKnownFileType = sourcecode.c.h; path = MyTableViewCell.h; sourceTree = "<group>"; };
		7884435F1ED5346F002BFBC1 /* MyTableViewCell.m */ = {isa = PBXFileReference; fileEncoding = 4; lastKnownFileType = sourcecode.c.objc; path = MyTableViewCell.m; sourceTree = "<group>"; };
/* End PBXFileReference section */

/* Begin PBXFrameworksBuildPhase section */
		788443181ED52D83002BFBC1 /* Frameworks */ = {
			isa = PBXFrameworksBuildPhase;
			buildActionMask = 2147483647;
			files = (
			);
			runOnlyForDeploymentPostprocessing = 0;
		};
		788443311ED52D83002BFBC1 /* Frameworks */ = {
			isa = PBXFrameworksBuildPhase;
			buildActionMask = 2147483647;
			files = (
			);
			runOnlyForDeploymentPostprocessing = 0;
		};
		7884433C1ED52D83002BFBC1 /* Frameworks */ = {
			isa = PBXFrameworksBuildPhase;
			buildActionMask = 2147483647;
			files = (
			);
			runOnlyForDeploymentPostprocessing = 0;
		};
/* End PBXFrameworksBuildPhase section */

/* Begin PBXGroup section */
		788443121ED52D83002BFBC1 = {
			isa = PBXGroup;
			children = (
				7884431D1ED52D83002BFBC1 /* DownLoadDemo */,
				788443371ED52D83002BFBC1 /* DownLoadDemoTests */,
				788443421ED52D83002BFBC1 /* DownLoadDemoUITests */,
				7884431C1ED52D83002BFBC1 /* Products */,
			);
			sourceTree = "<group>";
		};
		7884431C1ED52D83002BFBC1 /* Products */ = {
			isa = PBXGroup;
			children = (
				7884431B1ED52D83002BFBC1 /* DownLoadDemo.app */,
				788443341ED52D83002BFBC1 /* DownLoadDemoTests.xctest */,
				7884433F1ED52D83002BFBC1 /* DownLoadDemoUITests.xctest */,
			);
			name = Products;
			sourceTree = "<group>";
		};
		7884431D1ED52D83002BFBC1 /* DownLoadDemo */ = {
			isa = PBXGroup;
			children = (
				788443511ED52DB1002BFBC1 /* 断点下载 */,
				788443211ED52D83002BFBC1 /* AppDelegate.h */,
				788443221ED52D83002BFBC1 /* AppDelegate.m */,
				788443241ED52D83002BFBC1 /* ViewController.h */,
				788443251ED52D83002BFBC1 /* ViewController.m */,
				7884435B1ED5334A002BFBC1 /* DownViewController.h */,
				7884435C1ED5334A002BFBC1 /* DownViewController.m */,
				7884435E1ED5346F002BFBC1 /* MyTableViewCell.h */,
				7884435F1ED5346F002BFBC1 /* MyTableViewCell.m */,
				788443271ED52D83002BFBC1 /* Main.storyboard */,
				7884432A1ED52D83002BFBC1 /* Assets.xcassets */,
				7884432C1ED52D83002BFBC1 /* LaunchScreen.storyboard */,
				7884432F1ED52D83002BFBC1 /* Info.plist */,
				7884431E1ED52D83002BFBC1 /* Supporting Files */,
			);
			path = DownLoadDemo;
			sourceTree = "<group>";
		};
		7884431E1ED52D83002BFBC1 /* Supporting Files */ = {
			isa = PBXGroup;
			children = (
				7884431F1ED52D83002BFBC1 /* main.m */,
			);
			name = "Supporting Files";
			sourceTree = "<group>";
		};
		788443371ED52D83002BFBC1 /* DownLoadDemoTests */ = {
			isa = PBXGroup;
			children = (
				788443381ED52D83002BFBC1 /* DownLoadDemoTests.m */,
				7884433A1ED52D83002BFBC1 /* Info.plist */,
			);
			path = DownLoadDemoTests;
			sourceTree = "<group>";
		};
		788443421ED52D83002BFBC1 /* DownLoadDemoUITests */ = {
			isa = PBXGroup;
			children = (
				788443431ED52D83002BFBC1 /* DownLoadDemoUITests.m */,
				788443451ED52D83002BFBC1 /* Info.plist */,
			);
			path = DownLoadDemoUITests;
			sourceTree = "<group>";
		};
		788443511ED52DB1002BFBC1 /* 断点下载 */ = {
			isa = PBXGroup;
			children = (
				788443521ED52DDB002BFBC1 /* JLPathManager.h */,
				788443531ED52DDB002BFBC1 /* JLPathManager.m */,
				788443551ED52E8B002BFBC1 /* JLDownLoad.h */,
				788443561ED52E8B002BFBC1 /* JLDownLoad.m */,
				788443581ED52F7B002BFBC1 /* JLDownLoadManager.h */,
				788443591ED52F7B002BFBC1 /* JLDownLoadManager.m */,
			);
			path = "断点下载";
			sourceTree = "<group>";
		};
/* End PBXGroup section */

/* Begin PBXNativeTarget section */
		7884431A1ED52D83002BFBC1 /* DownLoadDemo */ = {
			isa = PBXNativeTarget;
			buildConfigurationList = 788443481ED52D83002BFBC1 /* Build configuration list for PBXNativeTarget "DownLoadDemo" */;
			buildPhases = (
				788443171ED52D83002BFBC1 /* Sources */,
				788443181ED52D83002BFBC1 /* Frameworks */,
				788443191ED52D83002BFBC1 /* Resources */,
			);
			buildRules = (
			);
			dependencies = (
			);
			name = DownLoadDemo;
			productName = DownLoadDemo;
			productReference = 7884431B1ED52D83002BFBC1 /* DownLoadDemo.app */;
			productType = "com.apple.product-type.application";
		};
		788443331ED52D83002BFBC1 /* DownLoadDemoTests */ = {
			isa = PBXNativeTarget;
			buildConfigurationList = 7884434B1ED52D83002BFBC1 /* Build configuration list for PBXNativeTarget "DownLoadDemoTests" */;
			buildPhases = (
				788443301ED52D83002BFBC1 /* Sources */,
				788443311ED52D83002BFBC1 /* Frameworks */,
				788443321ED52D83002BFBC1 /* Resources */,
			);
			buildRules = (
			);
			dependencies = (
				788443361ED52D83002BFBC1 /* PBXTargetDependency */,
			);
			name = DownLoadDemoTests;
			productName = DownLoadDemoTests;
			productReference = 788443341ED52D83002BFBC1 /* DownLoadDemoTests.xctest */;
			productType = "com.apple.product-type.bundle.unit-test";
		};
		7884433E1ED52D83002BFBC1 /* DownLoadDemoUITests */ = {
			isa = PBXNativeTarget;
			buildConfigurationList = 7884434E1ED52D83002BFBC1 /* Build configuration list for PBXNativeTarget "DownLoadDemoUITests" */;
			buildPhases = (
				7884433B1ED52D83002BFBC1 /* Sources */,
				7884433C1ED52D83002BFBC1 /* Frameworks */,
				7884433D1ED52D83002BFBC1 /* Resources */,
			);
			buildRules = (
			);
			dependencies = (
				788443411ED52D83002BFBC1 /* PBXTargetDependency */,
			);
			name = DownLoadDemoUITests;
			productName = DownLoadDemoUITests;
			productReference = 7884433F1ED52D83002BFBC1 /* DownLoadDemoUITests.xctest */;
			productType = "com.apple.product-type.bundle.ui-testing";
		};
/* End PBXNativeTarget section */

/* Begin PBXProject section */
		788443131ED52D83002BFBC1 /* Project object */ = {
			isa = PBXProject;
			attributes = {
				LastUpgradeCheck = 0830;
				ORGANIZATIONNAME = qiongjiwuxian;
				TargetAttributes = {
					7884431A1ED52D83002BFBC1 = {
						CreatedOnToolsVersion = 8.3;
						DevelopmentTeam = G3G6Z3TQ79;
						ProvisioningStyle = Automatic;
					};
					788443331ED52D83002BFBC1 = {
						CreatedOnToolsVersion = 8.3;
						DevelopmentTeam = G3G6Z3TQ79;
						ProvisioningStyle = Automatic;
						TestTargetID = 7884431A1ED52D83002BFBC1;
					};
					7884433E1ED52D83002BFBC1 = {
						CreatedOnToolsVersion = 8.3;
						DevelopmentTeam = G3G6Z3TQ79;
						ProvisioningStyle = Automatic;
						TestTargetID = 7884431A1ED52D83002BFBC1;
					};
				};
			};
			buildConfigurationList = 788443161ED52D83002BFBC1 /* Build configuration list for PBXProject "DownLoadDemo" */;
			compatibilityVersion = "Xcode 3.2";
			developmentRegion = English;
			hasScannedForEncodings = 0;
			knownRegions = (
				en,
				Base,
			);
			mainGroup = 788443121ED52D83002BFBC1;
			productRefGroup = 7884431C1ED52D83002BFBC1 /* Products */;
			projectDirPath = "";
			projectRoot = "";
			targets = (
				7884431A1ED52D83002BFBC1 /* DownLoadDemo */,
				788443331ED52D83002BFBC1 /* DownLoadDemoTests */,
				7884433E1ED52D83002BFBC1 /* DownLoadDemoUITests */,
			);
		};
/* End PBXProject section */

/* Begin PBXResourcesBuildPhase section */
		788443191ED52D83002BFBC1 /* Resources */ = {
			isa = PBXResourcesBuildPhase;
			buildActionMask = 2147483647;
			files = (
				7884432E1ED52D83002BFBC1 /* LaunchScreen.storyboard in Resources */,
				7884432B1ED52D83002BFBC1 /* Assets.xcassets in Resources */,
				788443291ED52D83002BFBC1 /* Main.storyboard in Resources */,
			);
			runOnlyForDeploymentPostprocessing = 0;
		};
		788443321ED52D83002BFBC1 /* Resources */ = {
			isa = PBXResourcesBuildPhase;
			buildActionMask = 2147483647;
			files = (
			);
			runOnlyForDeploymentPostprocessing = 0;
		};
		7884433D1ED52D83002BFBC1 /* Resources */ = {
			isa = PBXResourcesBuildPhase;
			buildActionMask = 2147483647;
			files = (
			);
			runOnlyForDeploymentPostprocessing = 0;
		};
/* End PBXResourcesBuildPhase section */

/* Begin PBXSourcesBuildPhase section */
		788443171ED52D83002BFBC1 /* Sources */ = {
			isa = PBXSourcesBuildPhase;
			buildActionMask = 2147483647;
			files = (
				788443571ED52E8B002BFBC1 /* JLDownLoad.m in Sources */,
				7884435A1ED52F7B002BFBC1 /* JLDownLoadManager.m in Sources */,
				788443541ED52DDB002BFBC1 /* JLPathManager.m in Sources */,
				788443261ED52D83002BFBC1 /* ViewController.m in Sources */,
				788443231ED52D83002BFBC1 /* AppDelegate.m in Sources */,
				788443601ED5346F002BFBC1 /* MyTableViewCell.m in Sources */,
				788443201ED52D83002BFBC1 /* main.m in Sources */,
				7884435D1ED5334A002BFBC1 /* DownViewController.m in Sources */,
			);
			runOnlyForDeploymentPostprocessing = 0;
		};
		788443301ED52D83002BFBC1 /* Sources */ = {
			isa = PBXSourcesBuildPhase;
			buildActionMask = 2147483647;
			files = (
				788443391ED52D83002BFBC1 /* DownLoadDemoTests.m in Sources */,
			);
			runOnlyForDeploymentPostprocessing = 0;
		};
		7884433B1ED52D83002BFBC1 /* Sources */ = {
			isa = PBXSourcesBuildPhase;
			buildActionMask = 2147483647;
			files = (
				788443441ED52D83002BFBC1 /* DownLoadDemoUITests.m in Sources */,
			);
			runOnlyForDeploymentPostprocessing = 0;
		};
/* End PBXSourcesBuildPhase section */

/* Begin PBXTargetDependency section */
		788443361ED52D83002BFBC1 /* PBXTargetDependency */ = {
			isa = PBXTargetDependency;
			target = 7884431A1ED52D83002BFBC1 /* DownLoadDemo */;
			targetProxy = 788443351ED52D83002BFBC1 /* PBXContainerItemProxy */;
		};
		788443411ED52D83002BFBC1 /* PBXTargetDependency */ = {
			isa = PBXTargetDependency;
			target = 7884431A1ED52D83002BFBC1 /* DownLoadDemo */;
			targetProxy = 788443401ED52D83002BFBC1 /* PBXContainerItemProxy */;
		};
/* End PBXTargetDependency section */

/* Begin PBXVariantGroup section */
		788443271ED52D83002BFBC1 /* Main.storyboard */ = {
			isa = PBXVariantGroup;
			children = (
				788443281ED52D83002BFBC1 /* Base */,
			);
			name = Main.storyboard;
			sourceTree = "<group>";
		};
		7884432C1ED52D83002BFBC1 /* LaunchScreen.storyboard */ = {
			isa = PBXVariantGroup;
			children = (
				7884432D1ED52D83002BFBC1 /* Base */,
			);
			name = LaunchScreen.storyboard;
			sourceTree = "<group>";
		};
/* End PBXVariantGroup section */

/* Begin XCBuildConfiguration section */
		788443461ED52D83002BFBC1 /* Debug */ = {
			isa = XCBuildConfiguration;
			buildSettings = {
				ALWAYS_SEARCH_USER_PATHS = NO;
				CLANG_ANALYZER_NONNULL = YES;
				CLANG_ANALYZER_NUMBER_OBJECT_CONVERSION = YES_AGGRESSIVE;
				CLANG_CXX_LANGUAGE_STANDARD = "gnu++0x";
				CLANG_CXX_LIBRARY = "libc++";
				CLANG_ENABLE_MODULES = YES;
				CLANG_ENABLE_OBJC_ARC = YES;
				CLANG_WARN_BOOL_CONVERSION = YES;
				CLANG_WARN_CONSTANT_CONVERSION = YES;
				CLANG_WARN_DIRECT_OBJC_ISA_USAGE = YES_ERROR;
				CLANG_WARN_DOCUMENTATION_COMMENTS = YES;
				CLANG_WARN_EMPTY_BODY = YES;
				CLANG_WARN_ENUM_CONVERSION = YES;
				CLANG_WARN_INFINITE_RECURSION = YES;
				CLANG_WARN_INT_CONVERSION = YES;
				CLANG_WARN_OBJC_ROOT_CLASS = YES_ERROR;
				CLANG_WARN_SUSPICIOUS_MOVE = YES;
				CLANG_WARN_UNREACHABLE_CODE = YES;
				CLANG_WARN__DUPLICATE_METHOD_MATCH = YES;
				"CODE_SIGN_IDENTITY[sdk=iphoneos*]" = "iPhone Developer";
				COPY_PHASE_STRIP = NO;
				DEBUG_INFORMATION_FORMAT = dwarf;
				ENABLE_STRICT_OBJC_MSGSEND = YES;
				ENABLE_TESTABILITY = YES;
				GCC_C_LANGUAGE_STANDARD = gnu99;
				GCC_DYNAMIC_NO_PIC = NO;
				GCC_NO_COMMON_BLOCKS = YES;
				GCC_OPTIMIZATION_LEVEL = 0;
				GCC_PREPROCESSOR_DEFINITIONS = (
					"DEBUG=1",
					"$(inherited)",
				);
				GCC_WARN_64_TO_32_BIT_CONVERSION = YES;
				GCC_WARN_ABOUT_RETURN_TYPE = YES_ERROR;
				GCC_WARN_UNDECLARED_SELECTOR = YES;
				GCC_WARN_UNINITIALIZED_AUTOS = YES_AGGRESSIVE;
				GCC_WARN_UNUSED_FUNCTION = YES;
				GCC_WARN_UNUSED_VARIABLE = YES;
				IPHONEOS_DEPLOYMENT_TARGET = 10.3;
				MTL_ENABLE_DEBUG_INFO = YES;
				ONLY_ACTIVE_ARCH = YES;
				SDKROOT = iphoneos;
			};
			name = Debug;
		};
		788443471ED52D83002BFBC1 /* Release */ = {
			isa = XCBuildConfiguration;
			buildSettings = {
				ALWAYS_SEARCH_USER_PATHS = NO;
				CLANG_ANALYZER_NONNULL = YES;
				CLANG_ANALYZER_NUMBER_OBJECT_CONVERSION = YES_AGGRESSIVE;
				CLANG_CXX_LANGUAGE_STANDARD = "gnu++0x";
				CLANG_CXX_LIBRARY = "libc++";
				CLANG_ENABLE_MODULES = YES;
				CLANG_ENABLE_OBJC_ARC = YES;
				CLANG_WARN_BOOL_CONVERSION = YES;
				CLANG_WARN_CONSTANT_CONVERSION = YES;
				CLANG_WARN_DIRECT_OBJC_ISA_USAGE = YES_ERROR;
				CLANG_WARN_DOCUMENTATION_COMMENTS = YES;
				CLANG_WARN_EMPTY_BODY = YES;
				CLANG_WARN_ENUM_CONVERSION = YES;
				CLANG_WARN_INFINITE_RECURSION = YES;
				CLANG_WARN_INT_CONVERSION = YES;
				CLANG_WARN_OBJC_ROOT_CLASS = YES_ERROR;
				CLANG_WARN_SUSPICIOUS_MOVE = YES;
				CLANG_WARN_UNREACHABLE_CODE = YES;
				CLANG_WARN__DUPLICATE_METHOD_MATCH = YES;
				"CODE_SIGN_IDENTITY[sdk=iphoneos*]" = "iPhone Developer";
				COPY_PHASE_STRIP = NO;
				DEBUG_INFORMATION_FORMAT = "dwarf-with-dsym";
				ENABLE_NS_ASSERTIONS = NO;
				ENABLE_STRICT_OBJC_MSGSEND = YES;
				GCC_C_LANGUAGE_STANDARD = gnu99;
				GCC_NO_COMMON_BLOCKS = YES;
				GCC_WARN_64_TO_32_BIT_CONVERSION = YES;
				GCC_WARN_ABOUT_RETURN_TYPE = YES_ERROR;
				GCC_WARN_UNDECLARED_SELECTOR = YES;
				GCC_WARN_UNINITIALIZED_AUTOS = YES_AGGRESSIVE;
				GCC_WARN_UNUSED_FUNCTION = YES;
				GCC_WARN_UNUSED_VARIABLE = YES;
				IPHONEOS_DEPLOYMENT_TARGET = 10.3;
				MTL_ENABLE_DEBUG_INFO = NO;
				SDKROOT = iphoneos;
				VALIDATE_PRODUCT = YES;
			};
			name = Release;
		};
		788443491ED52D83002BFBC1 /* Debug */ = {
			isa = XCBuildConfiguration;
			buildSettings = {
				ASSETCATALOG_COMPILER_APPICON_NAME = AppIcon;
				DEVELOPMENT_TEAM = G3G6Z3TQ79;
				INFOPLIST_FILE = DownLoadDemo/Info.plist;
				LD_RUNPATH_SEARCH_PATHS = "$(inherited) @executable_path/Frameworks";
				PRODUCT_BUNDLE_IDENTIFIER = com.qiongjiwuxian.DownLoadDemo;
				PRODUCT_NAME = "$(TARGET_NAME)";
			};
			name = Debug;
		};
		7884434A1ED52D83002BFBC1 /* Release */ = {
			isa = XCBuildConfiguration;
			buildSettings = {
				ASSETCATALOG_COMPILER_APPICON_NAME = AppIcon;
				DEVELOPMENT_TEAM = G3G6Z3TQ79;
				INFOPLIST_FILE = DownLoadDemo/Info.plist;
				LD_RUNPATH_SEARCH_PATHS = "$(inherited) @executable_path/Frameworks";
				PRODUCT_BUNDLE_IDENTIFIER = com.qiongjiwuxian.DownLoadDemo;
				PRODUCT_NAME = "$(TARGET_NAME)";
			};
			name = Release;
		};
		7884434C1ED52D83002BFBC1 /* Debug */ = {
			isa = XCBuildConfiguration;
			buildSettings = {
				BUNDLE_LOADER = "$(TEST_HOST)";
				DEVELOPMENT_TEAM = G3G6Z3TQ79;
				INFOPLIST_FILE = DownLoadDemoTests/Info.plist;
				LD_RUNPATH_SEARCH_PATHS = "$(inherited) @executable_path/Frameworks @loader_path/Frameworks";
				PRODUCT_BUNDLE_IDENTIFIER = com.qiongjiwuxian.DownLoadDemoTests;
				PRODUCT_NAME = "$(TARGET_NAME)";
				TEST_HOST = "$(BUILT_PRODUCTS_DIR)/DownLoadDemo.app/DownLoadDemo";
			};
			name = Debug;
		};
		7884434D1ED52D83002BFBC1 /* Release */ = {
			isa = XCBuildConfiguration;
			buildSettings = {
				BUNDLE_LOADER = "$(TEST_HOST)";
				DEVELOPMENT_TEAM = G3G6Z3TQ79;
				INFOPLIST_FILE = DownLoadDemoTests/Info.plist;
				LD_RUNPATH_SEARCH_PATHS = "$(inherited) @executable_path/Frameworks @loader_path/Frameworks";
				PRODUCT_BUNDLE_IDENTIFIER = com.qiongjiwuxian.DownLoadDemoTests;
				PRODUCT_NAME = "$(TARGET_NAME)";
				TEST_HOST = "$(BUILT_PRODUCTS_DIR)/DownLoadDemo.app/DownLoadDemo";
			};
			name = Release;
		};
		7884434F1ED52D83002BFBC1 /* Debug */ = {
			isa = XCBuildConfiguration;
			buildSettings = {
				DEVELOPMENT_TEAM = G3G6Z3TQ79;
				INFOPLIST_FILE = DownLoadDemoUITests/Info.plist;
				LD_RUNPATH_SEARCH_PATHS = "$(inherited) @executable_path/Frameworks @loader_path/Frameworks";
				PRODUCT_BUNDLE_IDENTIFIER = com.qiongjiwuxian.DownLoadDemoUITests;
				PRODUCT_NAME = "$(TARGET_NAME)";
				TEST_TARGET_NAME = DownLoadDemo;
			};
			name = Debug;
		};
		788443501ED52D83002BFBC1 /* Release */ = {
			isa = XCBuildConfiguration;
			buildSettings = {
				DEVELOPMENT_TEAM = G3G6Z3TQ79;
				INFOPLIST_FILE = DownLoadDemoUITests/Info.plist;
				LD_RUNPATH_SEARCH_PATHS = "$(inherited) @executable_path/Frameworks @loader_path/Frameworks";
				PRODUCT_BUNDLE_IDENTIFIER = com.qiongjiwuxian.DownLoadDemoUITests;
				PRODUCT_NAME = "$(TARGET_NAME)";
				TEST_TARGET_NAME = DownLoadDemo;
			};
			name = Release;
		};
/* End XCBuildConfiguration section */

/* Begin XCConfigurationList section */
		788443161ED52D83002BFBC1 /* Build configuration list for PBXProject "DownLoadDemo" */ = {
			isa = XCConfigurationList;
			buildConfigurations = (
				788443461ED52D83002BFBC1 /* Debug */,
				788443471ED52D83002BFBC1 /* Release */,
			);
			defaultConfigurationIsVisible = 0;
			defaultConfigurationName = Release;
		};
		788443481ED52D83002BFBC1 /* Build configuration list for PBXNativeTarget "DownLoadDemo" */ = {
			isa = XCConfigurationList;
			buildConfigurations = (
				788443491ED52D83002BFBC1 /* Debug */,
				7884434A1ED52D83002BFBC1 /* Release */,
			);
			defaultConfigurationIsVisible = 0;
		};
		7884434B1ED52D83002BFBC1 /* Build configuration list for PBXNativeTarget "DownLoadDemoTests" */ = {
			isa = XCConfigurationList;
			buildConfigurations = (
				7884434C1ED52D83002BFBC1 /* Debug */,
				7884434D1ED52D83002BFBC1 /* Release */,
			);
			defaultConfigurationIsVisible = 0;
		};
		7884434E1ED52D83002BFBC1 /* Build configuration list for PBXNativeTarget "DownLoadDemoUITests" */ = {
			isa = XCConfigurationList;
			buildConfigurations = (
				7884434F1ED52D83002BFBC1 /* Debug */,
				788443501ED52D83002BFBC1 /* Release */,
			);
			defaultConfigurationIsVisible = 0;
		};
/* End XCConfigurationList section */
	};
	rootObject = 788443131ED52D83002BFBC1 /* Project object */;
}
